
Microsoft Visual Studio Solution File, Format Version 11.00
# Visual Studio 2010
Project("{FAE04EC0-301F-11D3-BF4B-00C04F79EFBC}") = "AppSumaPromedio2", "AppSumaPromedio2\AppSumaPromedio2.csproj", "{B2688043-E3C0-4503-90A2-5A8A02FD29DB}"
EndProject
Global
	GlobalSection(SolutionConfigurationPlatforms) = preSolution
		Debug|x86 = Debug|x86
		Release|x86 = Release|x86
	EndGlobalSection
	GlobalSection(ProjectConfigurationPlatforms) = postSolution
		{B2688043-E3C0-4503-90A2-5A8A02FD29DB}.Debug|x86.ActiveCfg = Debug|x86
		{B2688043-E3C0-4503-90A2-5A8A02FD29DB}.Debug|x86.Build.0 = Debug|x86
		{B2688043-E3C0-4503-90A2-5A8A02FD29DB}.Release|x86.ActiveCfg = Release|x86
		{B2688043-E3C0-4503-90A2-5A8A02FD29DB}.Release|x86.Build.0 = Release|x86
	EndGlobalSection
	GlobalSection(MonoDevelopProperties) = preSolution
		StartupItem = AppSumaPromedio2\AppSumaPromedio2.csproj
	EndGlobalSection
EndGlobal
